
Microsoft Visual Studio Solution File, Format Version 12.00
# Visual Studio Version 17
VisualStudioVersion = 17.13.35825.156 d17.13
MinimumVisualStudioVersion = 10.0.40219.1
Project("{FAE04EC0-301F-11D3-BF4B-00C04F79EFBC}") = "laba13", "laba13\laba13.csproj", "{20070B02-8D9B-4C6D-92F4-17690CD900C4}"
EndProject
Project("{FAE04EC0-301F-11D3-BF4B-00C04F79EFBC}") = "laba12", "..\laba12\laba12\laba12.csproj", "{ED569E8D-132E-97BA-6811-AD41FC709B39}"
EndProject
Project("{FAE04EC0-301F-11D3-BF4B-00C04F79EFBC}") = "ClassLibrary10", "..\laba10\ClassLibrary10\ClassLibrary10.csproj", "{55A3F3D8-FB4C-81C8-C5D5-0FD366D54051}"
EndProject
Global
	GlobalSection(SolutionConfigurationPlatforms) = preSolution
		Debug|Any CPU = Debug|Any CPU
		Release|Any CPU = Release|Any CPU
	EndGlobalSection
	GlobalSection(ProjectConfigurationPlatforms) = postSolution
		{20070B02-8D9B-4C6D-92F4-17690CD900C4}.Debug|Any CPU.ActiveCfg = Debug|Any CPU
		{20070B02-8D9B-4C6D-92F4-17690CD900C4}.Debug|Any CPU.Build.0 = Debug|Any CPU
		{20070B02-8D9B-4C6D-92F4-17690CD900C4}.Release|Any CPU.ActiveCfg = Release|Any CPU
		{20070B02-8D9B-4C6D-92F4-17690CD900C4}.Release|Any CPU.Build.0 = Release|Any CPU
		{ED569E8D-132E-97BA-6811-AD41FC709B39}.Debug|Any CPU.ActiveCfg = Debug|Any CPU
		{ED569E8D-132E-97BA-6811-AD41FC709B39}.Debug|Any CPU.Build.0 = Debug|Any CPU
		{ED569E8D-132E-97BA-6811-AD41FC709B39}.Release|Any CPU.ActiveCfg = Release|Any CPU
		{ED569E8D-132E-97BA-6811-AD41FC709B39}.Release|Any CPU.Build.0 = Release|Any CPU
		{55A3F3D8-FB4C-81C8-C5D5-0FD366D54051}.Debug|Any CPU.ActiveCfg = Debug|Any CPU
		{55A3F3D8-FB4C-81C8-C5D5-0FD366D54051}.Debug|Any CPU.Build.0 = Debug|Any CPU
		{55A3F3D8-FB4C-81C8-C5D5-0FD366D54051}.Release|Any CPU.ActiveCfg = Release|Any CPU
		{55A3F3D8-FB4C-81C8-C5D5-0FD366D54051}.Release|Any CPU.Build.0 = Release|Any CPU
	EndGlobalSection
	GlobalSection(SolutionProperties) = preSolution
		HideSolutionNode = FALSE
	EndGlobalSection
	GlobalSection(ExtensibilityGlobals) = postSolution
		SolutionGuid = {21C363C1-2083-40C4-A56D-9AA6CD1A2B44}
	EndGlobalSection
EndGlobal
