
Microsoft Visual Studio Solution File, Format Version 12.00
# Visual Studio Version 17
VisualStudioVersion = 17.12.35514.174
MinimumVisualStudioVersion = 10.0.40219.1
Project("{FAE04EC0-301F-11D3-BF4B-00C04F79EFBC}") = "laba10", "laba10\laba10.csproj", "{B3EA6685-7370-45DD-B1CE-E2CF85724845}"
EndProject
Project("{FAE04EC0-301F-11D3-BF4B-00C04F79EFBC}") = "ClassLibrary10", "ClassLibrary10\ClassLibrary10.csproj", "{ECAACEF5-6443-4AE4-89E5-747C33526F75}"
EndProject
Project("{FAE04EC0-301F-11D3-BF4B-00C04F79EFBC}") = "ProgramTest", "ProgramTest\ProgramTest.csproj", "{DA212493-0358-4B78-9485-D77F770A34BB}"
EndProject
Global
	GlobalSection(SolutionConfigurationPlatforms) = preSolution
		Debug|Any CPU = Debug|Any CPU
		Release|Any CPU = Release|Any CPU
	EndGlobalSection
	GlobalSection(ProjectConfigurationPlatforms) = postSolution
		{B3EA6685-7370-45DD-B1CE-E2CF85724845}.Debug|Any CPU.ActiveCfg = Debug|Any CPU
		{B3EA6685-7370-45DD-B1CE-E2CF85724845}.Debug|Any CPU.Build.0 = Debug|Any CPU
		{B3EA6685-7370-45DD-B1CE-E2CF85724845}.Release|Any CPU.ActiveCfg = Release|Any CPU
		{B3EA6685-7370-45DD-B1CE-E2CF85724845}.Release|Any CPU.Build.0 = Release|Any CPU
		{ECAACEF5-6443-4AE4-89E5-747C33526F75}.Debug|Any CPU.ActiveCfg = Debug|Any CPU
		{ECAACEF5-6443-4AE4-89E5-747C33526F75}.Debug|Any CPU.Build.0 = Debug|Any CPU
		{ECAACEF5-6443-4AE4-89E5-747C33526F75}.Release|Any CPU.ActiveCfg = Release|Any CPU
		{ECAACEF5-6443-4AE4-89E5-747C33526F75}.Release|Any CPU.Build.0 = Release|Any CPU
		{DA212493-0358-4B78-9485-D77F770A34BB}.Debug|Any CPU.ActiveCfg = Debug|Any CPU
		{DA212493-0358-4B78-9485-D77F770A34BB}.Debug|Any CPU.Build.0 = Debug|Any CPU
		{DA212493-0358-4B78-9485-D77F770A34BB}.Release|Any CPU.ActiveCfg = Release|Any CPU
		{DA212493-0358-4B78-9485-D77F770A34BB}.Release|Any CPU.Build.0 = Release|Any CPU
	EndGlobalSection
	GlobalSection(SolutionProperties) = preSolution
		HideSolutionNode = FALSE
	EndGlobalSection
EndGlobal
