
Microsoft Visual Studio Solution File, Format Version 12.00
# Visual Studio Version 17
VisualStudioVersion = 17.13.35818.85 d17.13
MinimumVisualStudioVersion = 10.0.40219.1
Project("{FAE04EC0-301F-11D3-BF4B-00C04F79EFBC}") = "test_lab12", "test_lab12\test_lab12.csproj", "{7362214F-C3BE-473F-9E85-98C73BEED005}"
EndProject
Global
	GlobalSection(SolutionConfigurationPlatforms) = preSolution
		Debug|Any CPU = Debug|Any CPU
		Release|Any CPU = Release|Any CPU
	EndGlobalSection
	GlobalSection(ProjectConfigurationPlatforms) = postSolution
		{7362214F-C3BE-473F-9E85-98C73BEED005}.Debug|Any CPU.ActiveCfg = Debug|Any CPU
		{7362214F-C3BE-473F-9E85-98C73BEED005}.Debug|Any CPU.Build.0 = Debug|Any CPU
		{7362214F-C3BE-473F-9E85-98C73BEED005}.Release|Any CPU.ActiveCfg = Release|Any CPU
		{7362214F-C3BE-473F-9E85-98C73BEED005}.Release|Any CPU.Build.0 = Release|Any CPU
	EndGlobalSection
	GlobalSection(SolutionProperties) = preSolution
		HideSolutionNode = FALSE
	EndGlobalSection
	GlobalSection(ExtensibilityGlobals) = postSolution
		SolutionGuid = {A9713CD3-FE06-4170-8B8E-1747FC596791}
	EndGlobalSection
EndGlobal
